
Microsoft Visual Studio Solution File, Format Version 12.00
# Visual Studio Version 16
VisualStudioVersion = 16.0.30413.136
MinimumVisualStudioVersion = 10.0.40219.1
Project("{888888A0-9F3D-457C-B088-3A5042F75D52}") = "python", "python\python.pyproj", "{B418318F-AF1F-4966-83F7-8F03031E982B}"
EndProject
Project("{8BC9CEB8-8B4A-11D0-8D11-00A0C91BC942}") = "x52", "x52\x52.vcxproj", "{44CD3A03-1781-450D-8E8C-24FAFEE811AE}"
EndProject
Global
	GlobalSection(SolutionConfigurationPlatforms) = preSolution
		Debug|Any CPU = Debug|Any CPU
		Debug|x64 = Debug|x64
		Debug|x86 = Debug|x86
		pybind Debug|Any CPU = pybind Debug|Any CPU
		pybind Debug|x64 = pybind Debug|x64
		pybind Debug|x86 = pybind Debug|x86
		pybind Release|Any CPU = pybind Release|Any CPU
		pybind Release|x64 = pybind Release|x64
		pybind Release|x86 = pybind Release|x86
		Release|Any CPU = Release|Any CPU
		Release|x64 = Release|x64
		Release|x86 = Release|x86
	EndGlobalSection
	GlobalSection(ProjectConfigurationPlatforms) = postSolution
		{B418318F-AF1F-4966-83F7-8F03031E982B}.Debug|Any CPU.ActiveCfg = Debug|Any CPU
		{B418318F-AF1F-4966-83F7-8F03031E982B}.Debug|x64.ActiveCfg = Debug|Any CPU
		{B418318F-AF1F-4966-83F7-8F03031E982B}.Debug|x86.ActiveCfg = Debug|Any CPU
		{B418318F-AF1F-4966-83F7-8F03031E982B}.pybind Debug|Any CPU.ActiveCfg = Debug|Any CPU
		{B418318F-AF1F-4966-83F7-8F03031E982B}.pybind Debug|x64.ActiveCfg = Debug|Any CPU
		{B418318F-AF1F-4966-83F7-8F03031E982B}.pybind Debug|x86.ActiveCfg = Debug|Any CPU
		{B418318F-AF1F-4966-83F7-8F03031E982B}.pybind Release|Any CPU.ActiveCfg = Release|Any CPU
		{B418318F-AF1F-4966-83F7-8F03031E982B}.pybind Release|x64.ActiveCfg = Release|Any CPU
		{B418318F-AF1F-4966-83F7-8F03031E982B}.pybind Release|x86.ActiveCfg = Release|Any CPU
		{B418318F-AF1F-4966-83F7-8F03031E982B}.Release|Any CPU.ActiveCfg = Release|Any CPU
		{B418318F-AF1F-4966-83F7-8F03031E982B}.Release|x64.ActiveCfg = Release|Any CPU
		{B418318F-AF1F-4966-83F7-8F03031E982B}.Release|x86.ActiveCfg = Release|Any CPU
		{44CD3A03-1781-450D-8E8C-24FAFEE811AE}.Debug|Any CPU.ActiveCfg = Debug|Win32
		{44CD3A03-1781-450D-8E8C-24FAFEE811AE}.Debug|x64.ActiveCfg = Debug|x64
		{44CD3A03-1781-450D-8E8C-24FAFEE811AE}.Debug|x64.Build.0 = Debug|x64
		{44CD3A03-1781-450D-8E8C-24FAFEE811AE}.Debug|x86.ActiveCfg = Debug|Win32
		{44CD3A03-1781-450D-8E8C-24FAFEE811AE}.Debug|x86.Build.0 = Debug|Win32
		{44CD3A03-1781-450D-8E8C-24FAFEE811AE}.pybind Debug|Any CPU.ActiveCfg = pybind Debug|Win32
		{44CD3A03-1781-450D-8E8C-24FAFEE811AE}.pybind Debug|x64.ActiveCfg = pybind Debug|x64
		{44CD3A03-1781-450D-8E8C-24FAFEE811AE}.pybind Debug|x64.Build.0 = pybind Debug|x64
		{44CD3A03-1781-450D-8E8C-24FAFEE811AE}.pybind Debug|x86.ActiveCfg = pybind Debug|Win32
		{44CD3A03-1781-450D-8E8C-24FAFEE811AE}.pybind Debug|x86.Build.0 = pybind Debug|Win32
		{44CD3A03-1781-450D-8E8C-24FAFEE811AE}.pybind Release|Any CPU.ActiveCfg = pybind Release|Win32
		{44CD3A03-1781-450D-8E8C-24FAFEE811AE}.pybind Release|x64.ActiveCfg = pybind Release|x64
		{44CD3A03-1781-450D-8E8C-24FAFEE811AE}.pybind Release|x64.Build.0 = pybind Release|x64
		{44CD3A03-1781-450D-8E8C-24FAFEE811AE}.pybind Release|x86.ActiveCfg = pybind Release|Win32
		{44CD3A03-1781-450D-8E8C-24FAFEE811AE}.pybind Release|x86.Build.0 = pybind Release|Win32
		{44CD3A03-1781-450D-8E8C-24FAFEE811AE}.Release|Any CPU.ActiveCfg = Release|Win32
		{44CD3A03-1781-450D-8E8C-24FAFEE811AE}.Release|x64.ActiveCfg = Release|x64
		{44CD3A03-1781-450D-8E8C-24FAFEE811AE}.Release|x64.Build.0 = Release|x64
		{44CD3A03-1781-450D-8E8C-24FAFEE811AE}.Release|x86.ActiveCfg = Release|Win32
		{44CD3A03-1781-450D-8E8C-24FAFEE811AE}.Release|x86.Build.0 = Release|Win32
	EndGlobalSection
	GlobalSection(SolutionProperties) = preSolution
		HideSolutionNode = FALSE
	EndGlobalSection
	GlobalSection(ExtensibilityGlobals) = postSolution
		SolutionGuid = {1A24F216-7C67-4FC8-B594-2952E303E9BF}
	EndGlobalSection
EndGlobal
